
Microsoft Visual Studio Solution File, Format Version 12.00
# Visual Studio 15
VisualStudioVersion = 15.0.28010.0
MinimumVisualStudioVersion = 10.0.40219.1
Project("{FAE04EC0-301F-11D3-BF4B-00C04F79EFBC}") = "switch statements", "switch statements\switch statements.csproj", "{FC45E277-D9DF-4176-AAC8-B7984671C7EB}"
EndProject
Global
	GlobalSection(SolutionConfigurationPlatforms) = preSolution
		Debug|Any CPU = Debug|Any CPU
		Release|Any CPU = Release|Any CPU
	EndGlobalSection
	GlobalSection(ProjectConfigurationPlatforms) = postSolution
		{FC45E277-D9DF-4176-AAC8-B7984671C7EB}.Debug|Any CPU.ActiveCfg = Debug|Any CPU
		{FC45E277-D9DF-4176-AAC8-B7984671C7EB}.Debug|Any CPU.Build.0 = Debug|Any CPU
		{FC45E277-D9DF-4176-AAC8-B7984671C7EB}.Release|Any CPU.ActiveCfg = Release|Any CPU
		{FC45E277-D9DF-4176-AAC8-B7984671C7EB}.Release|Any CPU.Build.0 = Release|Any CPU
	EndGlobalSection
	GlobalSection(SolutionProperties) = preSolution
		HideSolutionNode = FALSE
	EndGlobalSection
	GlobalSection(ExtensibilityGlobals) = postSolution
		SolutionGuid = {044B5896-EAB2-45C9-B139-2A9B4A46D6DD}
	EndGlobalSection
EndGlobal
